
Microsoft Visual Studio Solution File, Format Version 12.00
# Visual Studio Version 17
VisualStudioVersion = 17.5.33502.453
MinimumVisualStudioVersion = 10.0.40219.1
Project("{FAE04EC0-301F-11D3-BF4B-00C04F79EFBC}") = "RzutowanieKonwersja", "RzutowanieKonwersja\RzutowanieKonwersja.csproj", "{79CC686D-AE4F-4ACB-9535-7795C531FBB8}"
EndProject
Global
	GlobalSection(SolutionConfigurationPlatforms) = preSolution
		Debug|Any CPU = Debug|Any CPU
		Release|Any CPU = Release|Any CPU
	EndGlobalSection
	GlobalSection(ProjectConfigurationPlatforms) = postSolution
		{79CC686D-AE4F-4ACB-9535-7795C531FBB8}.Debug|Any CPU.ActiveCfg = Debug|Any CPU
		{79CC686D-AE4F-4ACB-9535-7795C531FBB8}.Debug|Any CPU.Build.0 = Debug|Any CPU
		{79CC686D-AE4F-4ACB-9535-7795C531FBB8}.Release|Any CPU.ActiveCfg = Release|Any CPU
		{79CC686D-AE4F-4ACB-9535-7795C531FBB8}.Release|Any CPU.Build.0 = Release|Any CPU
	EndGlobalSection
	GlobalSection(SolutionProperties) = preSolution
		HideSolutionNode = FALSE
	EndGlobalSection
	GlobalSection(ExtensibilityGlobals) = postSolution
		SolutionGuid = {5CB5A303-8164-422C-8A9B-ED50ECD0D6D7}
	EndGlobalSection
EndGlobal
