
Microsoft Visual Studio Solution File, Format Version 12.00
# Visual Studio Version 17
VisualStudioVersion = 17.5.33502.453
MinimumVisualStudioVersion = 10.0.40219.1
Project("{FAE04EC0-301F-11D3-BF4B-00C04F79EFBC}") = "program", "program\program.csproj", "{A330CE58-FE74-43F5-8F30-176EE6281674}"
EndProject
Global
	GlobalSection(SolutionConfigurationPlatforms) = preSolution
		Debug|Any CPU = Debug|Any CPU
		Release|Any CPU = Release|Any CPU
	EndGlobalSection
	GlobalSection(ProjectConfigurationPlatforms) = postSolution
		{A330CE58-FE74-43F5-8F30-176EE6281674}.Debug|Any CPU.ActiveCfg = Debug|Any CPU
		{A330CE58-FE74-43F5-8F30-176EE6281674}.Debug|Any CPU.Build.0 = Debug|Any CPU
		{A330CE58-FE74-43F5-8F30-176EE6281674}.Release|Any CPU.ActiveCfg = Release|Any CPU
		{A330CE58-FE74-43F5-8F30-176EE6281674}.Release|Any CPU.Build.0 = Release|Any CPU
	EndGlobalSection
	GlobalSection(SolutionProperties) = preSolution
		HideSolutionNode = FALSE
	EndGlobalSection
	GlobalSection(ExtensibilityGlobals) = postSolution
		SolutionGuid = {FF391069-9F97-404F-89DB-1F17614714C5}
	EndGlobalSection
EndGlobal
