
Microsoft Visual Studio Solution File, Format Version 12.00
# Visual Studio Version 17
VisualStudioVersion = 17.5.33502.453
MinimumVisualStudioVersion = 10.0.40219.1
Project("{FAE04EC0-301F-11D3-BF4B-00C04F79EFBC}") = "Osoby", "Osoby\Osoby.csproj", "{841FB3A7-0058-4346-B689-5DFB8BFC1919}"
EndProject
Project("{9A19103F-16F7-4668-BE54-9A1E7A4F7556}") = "Biblioteka", "..\Biblioteka\Biblioteka\Biblioteka.csproj", "{B801B4EA-1B08-41B4-B75D-07507FE74828}"
EndProject
Global
	GlobalSection(SolutionConfigurationPlatforms) = preSolution
		Debug|Any CPU = Debug|Any CPU
		Release|Any CPU = Release|Any CPU
	EndGlobalSection
	GlobalSection(ProjectConfigurationPlatforms) = postSolution
		{841FB3A7-0058-4346-B689-5DFB8BFC1919}.Debug|Any CPU.ActiveCfg = Debug|Any CPU
		{841FB3A7-0058-4346-B689-5DFB8BFC1919}.Debug|Any CPU.Build.0 = Debug|Any CPU
		{841FB3A7-0058-4346-B689-5DFB8BFC1919}.Release|Any CPU.ActiveCfg = Release|Any CPU
		{841FB3A7-0058-4346-B689-5DFB8BFC1919}.Release|Any CPU.Build.0 = Release|Any CPU
		{B801B4EA-1B08-41B4-B75D-07507FE74828}.Debug|Any CPU.ActiveCfg = Debug|Any CPU
		{B801B4EA-1B08-41B4-B75D-07507FE74828}.Debug|Any CPU.Build.0 = Debug|Any CPU
		{B801B4EA-1B08-41B4-B75D-07507FE74828}.Release|Any CPU.ActiveCfg = Release|Any CPU
		{B801B4EA-1B08-41B4-B75D-07507FE74828}.Release|Any CPU.Build.0 = Release|Any CPU
	EndGlobalSection
	GlobalSection(SolutionProperties) = preSolution
		HideSolutionNode = FALSE
	EndGlobalSection
	GlobalSection(ExtensibilityGlobals) = postSolution
		SolutionGuid = {EEC5DADC-73C3-414E-96FC-744CE0654C11}
	EndGlobalSection
EndGlobal
