
Microsoft Visual Studio Solution File, Format Version 12.00
# Visual Studio Version 17
VisualStudioVersion = 17.5.33502.453
MinimumVisualStudioVersion = 10.0.40219.1
Project("{FAE04EC0-301F-11D3-BF4B-00C04F79EFBC}") = "Argumenty", "Argumenty\Argumenty.csproj", "{31A14C6C-E163-4673-BEB0-8023DA254168}"
EndProject
Global
	GlobalSection(SolutionConfigurationPlatforms) = preSolution
		Debug|Any CPU = Debug|Any CPU
		Release|Any CPU = Release|Any CPU
	EndGlobalSection
	GlobalSection(ProjectConfigurationPlatforms) = postSolution
		{31A14C6C-E163-4673-BEB0-8023DA254168}.Debug|Any CPU.ActiveCfg = Debug|Any CPU
		{31A14C6C-E163-4673-BEB0-8023DA254168}.Debug|Any CPU.Build.0 = Debug|Any CPU
		{31A14C6C-E163-4673-BEB0-8023DA254168}.Release|Any CPU.ActiveCfg = Release|Any CPU
		{31A14C6C-E163-4673-BEB0-8023DA254168}.Release|Any CPU.Build.0 = Release|Any CPU
	EndGlobalSection
	GlobalSection(SolutionProperties) = preSolution
		HideSolutionNode = FALSE
	EndGlobalSection
	GlobalSection(ExtensibilityGlobals) = postSolution
		SolutionGuid = {AFB7CC0B-6CCA-4D2A-96FE-68D06D3B77F0}
	EndGlobalSection
EndGlobal
