
Microsoft Visual Studio Solution File, Format Version 12.00
# Visual Studio Version 17
VisualStudioVersion = 17.5.33502.453
MinimumVisualStudioVersion = 10.0.40219.1
Project("{FAE04EC0-301F-11D3-BF4B-00C04F79EFBC}") = "Debugowanie", "Debugowanie\Debugowanie.csproj", "{03501F24-498B-45BD-A997-4EEEE62B2375}"
EndProject
Global
	GlobalSection(SolutionConfigurationPlatforms) = preSolution
		Debug|Any CPU = Debug|Any CPU
		Release|Any CPU = Release|Any CPU
	EndGlobalSection
	GlobalSection(ProjectConfigurationPlatforms) = postSolution
		{03501F24-498B-45BD-A997-4EEEE62B2375}.Debug|Any CPU.ActiveCfg = Debug|Any CPU
		{03501F24-498B-45BD-A997-4EEEE62B2375}.Debug|Any CPU.Build.0 = Debug|Any CPU
		{03501F24-498B-45BD-A997-4EEEE62B2375}.Release|Any CPU.ActiveCfg = Release|Any CPU
		{03501F24-498B-45BD-A997-4EEEE62B2375}.Release|Any CPU.Build.0 = Release|Any CPU
	EndGlobalSection
	GlobalSection(SolutionProperties) = preSolution
		HideSolutionNode = FALSE
	EndGlobalSection
	GlobalSection(ExtensibilityGlobals) = postSolution
		SolutionGuid = {E5DC4013-93BA-4AC7-A098-D8DC2D78B19B}
	EndGlobalSection
EndGlobal
